github.com/shu-go/gotwant v0.0.0-20190920074605-b4f19c0bac91 h1:nwDc3kHbf9scf1UZIWiWw5tZF3Z4yOJAMjNN+kYXJwE=
github.com/shu-go/gotwant v0.0.0-20190920074605-b4f19c0bac91/go.mod h1:FZepfqvib0mXjHiaQPTv0RUD5QMpMA/FHLfBQjZRRQg=
golang.org/x/exp v0.0.0-20240404231335-c0f41cb1a7a0 h1:985EYyeCOxTpcgOTJpflJUwOeEz0CQOdPt73OzpE9F8=
golang.org/x/exp v0.0.0-20240404231335-c0f41cb1a7a0/go.mod h1:/lliqkxwWAhPjf5oSOIJup2XcqJaw8RGS6k3TGEc7GI=
